
Microsoft Visual Studio Solution File, Format Version 12.00
# Visual Studio 15
VisualStudioVersion = 15.0.28307.329
MinimumVisualStudioVersion = 10.0.40219.1
Project("{FAE04EC0-301F-11D3-BF4B-00C04F79EFBC}") = "TodoApp.Infrastructure", "TodoApp.Infrastructure\TodoApp.Infrastructure.csproj", "{0755D5EB-CDDE-469C-B59D-E68497D1F15D}"
EndProject
Project("{FAE04EC0-301F-11D3-BF4B-00C04F79EFBC}") = "TodoApp.Domain", "TodoApp.Domain\TodoApp.Domain.csproj", "{E6679EFA-7D06-4D36-883C-BF2734FBE045}"
EndProject
Project("{FAE04EC0-301F-11D3-BF4B-00C04F79EFBC}") = "TodoApp.Application", "TodoApp.Application\TodoApp.Application.csproj", "{5D556A36-0BA6-45B1-A5E3-487563C5E339}"
EndProject
Project("{FAE04EC0-301F-11D3-BF4B-00C04F79EFBC}") = "TodoApp.WebApi", "TodoApp.WebApi\TodoApp.WebApi.csproj", "{A4973B90-099E-4132-8F1E-FCECCEC53928}"
EndProject
Project("{FAE04EC0-301F-11D3-BF4B-00C04F79EFBC}") = "TodoApp.WebApi.Tests", "TodoApp.WebApi.Tests\TodoApp.WebApi.Tests.csproj", "{CF7EA093-AE87-4213-964D-4DA97AF6F281}"
EndProject
Global
	GlobalSection(SolutionConfigurationPlatforms) = preSolution
		Debug|Any CPU = Debug|Any CPU
		Release|Any CPU = Release|Any CPU
	EndGlobalSection
	GlobalSection(ProjectConfigurationPlatforms) = postSolution
		{0755D5EB-CDDE-469C-B59D-E68497D1F15D}.Debug|Any CPU.ActiveCfg = Debug|Any CPU
		{0755D5EB-CDDE-469C-B59D-E68497D1F15D}.Debug|Any CPU.Build.0 = Debug|Any CPU
		{0755D5EB-CDDE-469C-B59D-E68497D1F15D}.Release|Any CPU.ActiveCfg = Release|Any CPU
		{0755D5EB-CDDE-469C-B59D-E68497D1F15D}.Release|Any CPU.Build.0 = Release|Any CPU
		{E6679EFA-7D06-4D36-883C-BF2734FBE045}.Debug|Any CPU.ActiveCfg = Debug|Any CPU
		{E6679EFA-7D06-4D36-883C-BF2734FBE045}.Debug|Any CPU.Build.0 = Debug|Any CPU
		{E6679EFA-7D06-4D36-883C-BF2734FBE045}.Release|Any CPU.ActiveCfg = Release|Any CPU
		{E6679EFA-7D06-4D36-883C-BF2734FBE045}.Release|Any CPU.Build.0 = Release|Any CPU
		{5D556A36-0BA6-45B1-A5E3-487563C5E339}.Debug|Any CPU.ActiveCfg = Debug|Any CPU
		{5D556A36-0BA6-45B1-A5E3-487563C5E339}.Debug|Any CPU.Build.0 = Debug|Any CPU
		{5D556A36-0BA6-45B1-A5E3-487563C5E339}.Release|Any CPU.ActiveCfg = Release|Any CPU
		{5D556A36-0BA6-45B1-A5E3-487563C5E339}.Release|Any CPU.Build.0 = Release|Any CPU
		{A4973B90-099E-4132-8F1E-FCECCEC53928}.Debug|Any CPU.ActiveCfg = Debug|Any CPU
		{A4973B90-099E-4132-8F1E-FCECCEC53928}.Debug|Any CPU.Build.0 = Debug|Any CPU
		{A4973B90-099E-4132-8F1E-FCECCEC53928}.Release|Any CPU.ActiveCfg = Release|Any CPU
		{A4973B90-099E-4132-8F1E-FCECCEC53928}.Release|Any CPU.Build.0 = Release|Any CPU
		{CF7EA093-AE87-4213-964D-4DA97AF6F281}.Debug|Any CPU.ActiveCfg = Debug|Any CPU
		{CF7EA093-AE87-4213-964D-4DA97AF6F281}.Debug|Any CPU.Build.0 = Debug|Any CPU
		{CF7EA093-AE87-4213-964D-4DA97AF6F281}.Release|Any CPU.ActiveCfg = Release|Any CPU
		{CF7EA093-AE87-4213-964D-4DA97AF6F281}.Release|Any CPU.Build.0 = Release|Any CPU
	EndGlobalSection
	GlobalSection(SolutionProperties) = preSolution
		HideSolutionNode = FALSE
	EndGlobalSection
	GlobalSection(ExtensibilityGlobals) = postSolution
		SolutionGuid = {EBFE9984-2AD5-46F5-BECA-6FE7E12F3DFE}
	EndGlobalSection
EndGlobal
